
Microsoft Visual Studio Solution File, Format Version 12.00
# Visual Studio Version 17
VisualStudioVersion = 17.8.34330.188
MinimumVisualStudioVersion = 10.0.40219.1
Project("{FAE04EC0-301F-11D3-BF4B-00C04F79EFBC}") = "HomeworkArrays", "HomeworkArrays\HomeworkArrays.csproj", "{5387EBDC-F211-4E2D-8E75-52CC43C43FF1}"
EndProject
Global
	GlobalSection(SolutionConfigurationPlatforms) = preSolution
		Debug|Any CPU = Debug|Any CPU
		Release|Any CPU = Release|Any CPU
	EndGlobalSection
	GlobalSection(ProjectConfigurationPlatforms) = postSolution
		{5387EBDC-F211-4E2D-8E75-52CC43C43FF1}.Debug|Any CPU.ActiveCfg = Debug|Any CPU
		{5387EBDC-F211-4E2D-8E75-52CC43C43FF1}.Debug|Any CPU.Build.0 = Debug|Any CPU
		{5387EBDC-F211-4E2D-8E75-52CC43C43FF1}.Release|Any CPU.ActiveCfg = Release|Any CPU
		{5387EBDC-F211-4E2D-8E75-52CC43C43FF1}.Release|Any CPU.Build.0 = Release|Any CPU
	EndGlobalSection
	GlobalSection(SolutionProperties) = preSolution
		HideSolutionNode = FALSE
	EndGlobalSection
	GlobalSection(ExtensibilityGlobals) = postSolution
		SolutionGuid = {568352F8-515E-43EF-B26E-4A370BA7EEB5}
	EndGlobalSection
EndGlobal
